
Microsoft Visual Studio Solution File, Format Version 12.00
# Visual Studio Version 16
VisualStudioVersion = 16.0.31728.76
MinimumVisualStudioVersion = 10.0.40219.1
Project("{9A19103F-16F7-4668-BE54-9A1E7A4F7556}") = "DemoMVCCore", "DemoMVCCore\DemoMVCCore.csproj", "{05CBA51D-51C2-4004-BA99-CC608F63275D}"
EndProject
Global
	GlobalSection(SolutionConfigurationPlatforms) = preSolution
		Debug|Any CPU = Debug|Any CPU
		Release|Any CPU = Release|Any CPU
	EndGlobalSection
	GlobalSection(ProjectConfigurationPlatforms) = postSolution
		{05CBA51D-51C2-4004-BA99-CC608F63275D}.Debug|Any CPU.ActiveCfg = Debug|Any CPU
		{05CBA51D-51C2-4004-BA99-CC608F63275D}.Debug|Any CPU.Build.0 = Debug|Any CPU
		{05CBA51D-51C2-4004-BA99-CC608F63275D}.Release|Any CPU.ActiveCfg = Release|Any CPU
		{05CBA51D-51C2-4004-BA99-CC608F63275D}.Release|Any CPU.Build.0 = Release|Any CPU
	EndGlobalSection
	GlobalSection(SolutionProperties) = preSolution
		HideSolutionNode = FALSE
	EndGlobalSection
	GlobalSection(ExtensibilityGlobals) = postSolution
		SolutionGuid = {D54F6E24-332A-4D85-AF94-5701225D1103}
	EndGlobalSection
EndGlobal
